
Microsoft Visual Studio Solution File, Format Version 12.00
# Visual Studio Version 17
VisualStudioVersion = 17.3.32901.215
MinimumVisualStudioVersion = 10.0.40219.1
Project("{FAE04EC0-301F-11D3-BF4B-00C04F79EFBC}") = "hm6_", "hm6_\hm6_.csproj", "{240F741C-D053-421A-8CE7-8A20AEA8E0BD}"
EndProject
Global
	GlobalSection(SolutionConfigurationPlatforms) = preSolution
		Debug|Any CPU = Debug|Any CPU
		Release|Any CPU = Release|Any CPU
	EndGlobalSection
	GlobalSection(ProjectConfigurationPlatforms) = postSolution
		{240F741C-D053-421A-8CE7-8A20AEA8E0BD}.Debug|Any CPU.ActiveCfg = Debug|Any CPU
		{240F741C-D053-421A-8CE7-8A20AEA8E0BD}.Debug|Any CPU.Build.0 = Debug|Any CPU
		{240F741C-D053-421A-8CE7-8A20AEA8E0BD}.Release|Any CPU.ActiveCfg = Release|Any CPU
		{240F741C-D053-421A-8CE7-8A20AEA8E0BD}.Release|Any CPU.Build.0 = Release|Any CPU
	EndGlobalSection
	GlobalSection(SolutionProperties) = preSolution
		HideSolutionNode = FALSE
	EndGlobalSection
	GlobalSection(ExtensibilityGlobals) = postSolution
		SolutionGuid = {A264557F-6814-4603-8A47-C7E84AA79758}
	EndGlobalSection
EndGlobal
